lockfileVersion: 5.4

specifiers:
  '@types/papaparse': ^5.3.5
  husky: ^8.0.2
  papaparse: ^5.3.2

devDependencies:
  '@types/papaparse': 5.3.5
  husky: 8.0.2
  papaparse: 5.3.2

packages:

  /@types/node/18.11.9:
    resolution: {integrity: sha512-CRpX21/kGdzjOpFsZSkcrXMGIBWMGNIHXXBVFSH+ggkftxg+XYP20TESbh+zFvFj3EQOl5byk0HTRn1IL6hbqg==}
    dev: true

  /@types/papaparse/5.3.5:
    resolution: {integrity: sha512-R1icl/hrJPFRpuYj9PVG03WBAlghJj4JW9Py5QdR8FFSxaLmZRyu7xYDCCBZIJNfUv3MYaeBbhBoX958mUTAaw==}
    dependencies:
      '@types/node': 18.11.9
    dev: true

  /husky/8.0.2:
    resolution: {integrity: sha512-Tkv80jtvbnkK3mYWxPZePGFpQ/tT3HNSs/sasF9P2YfkMezDl3ON37YN6jUUI4eTg5LcyVynlb6r4eyvOmspvg==}
    engines: {node: '>=14'}
    hasBin: true
    dev: true

  /papaparse/5.3.2:
    resolution: {integrity: sha512-6dNZu0Ki+gyV0eBsFKJhYr+MdQYAzFUGlBMNj3GNrmHxmz1lfRa24CjFObPXtjcetlOv5Ad299MhIK0znp3afw==}
    dev: true
